
Microsoft Visual Studio Solution File, Format Version 12.00
# Visual Studio Version 17
VisualStudioVersion = 17.0.31903.59
MinimumVisualStudioVersion = 10.0.40219.1
Project("{2150E333-8FDC-42A3-9474-1A3956D46DE8}") = "src", "src", "{827E0CD3-B72D-47B6-A68D-7590B98EB39B}"
EndProject
Project("{FAE04EC0-301F-11D3-BF4B-00C04F79EFBC}") = "LowlandTech.Vylyr", "src\lowlandtech.vylyr\LowlandTech.Vylyr.csproj", "{72FA7170-8AA7-4940-B043-35D614F3594B}"
EndProject
Project("{FAE04EC0-301F-11D3-BF4B-00C04F79EFBC}") = "LowlandTech.Vylyr.Web", "src\lowlandtech.vylyr.web\LowlandTech.Vylyr.Web.csproj", "{600B18FA-C8DE-4977-B43B-22CC3B7BE782}"
EndProject
Project("{FAE04EC0-301F-11D3-BF4B-00C04F79EFBC}") = "LowlandTech.Vylyr.Desktop", "src\lowlandtech.vylyr.desktop\LowlandTech.Vylyr.Desktop.csproj", "{1C44B41F-F343-471B-AE05-6A06D9A1C5FE}"
EndProject
Project("{FAE04EC0-301F-11D3-BF4B-00C04F79EFBC}") = "LowlandTech.Vylyr.Mobile", "src\lowlandtech.vylyr.mobile\LowlandTech.Vylyr.Mobile.csproj", "{D9E33CDB-5041-2FEF-4B58-8DD12A9700F5}"
EndProject
Project("{2150E333-8FDC-42A3-9474-1A3956D46DE8}") = "Shells", "Shells", "{02EA681E-C7D8-13C7-8484-4AC65E1B71E8}"
EndProject
Global
	GlobalSection(SolutionConfigurationPlatforms) = preSolution
		Debug|Any CPU = Debug|Any CPU
		Debug|x64 = Debug|x64
		Debug|x86 = Debug|x86
		Release|Any CPU = Release|Any CPU
		Release|x64 = Release|x64
		Release|x86 = Release|x86
	EndGlobalSection
	GlobalSection(ProjectConfigurationPlatforms) = postSolution
		{72FA7170-8AA7-4940-B043-35D614F3594B}.Debug|Any CPU.ActiveCfg = Debug|Any CPU
		{72FA7170-8AA7-4940-B043-35D614F3594B}.Debug|Any CPU.Build.0 = Debug|Any CPU
		{72FA7170-8AA7-4940-B043-35D614F3594B}.Debug|Any CPU.Deploy.0 = Debug|Any CPU
		{72FA7170-8AA7-4940-B043-35D614F3594B}.Debug|x64.ActiveCfg = Debug|Any CPU
		{72FA7170-8AA7-4940-B043-35D614F3594B}.Debug|x64.Build.0 = Debug|Any CPU
		{72FA7170-8AA7-4940-B043-35D614F3594B}.Debug|x86.ActiveCfg = Debug|Any CPU
		{72FA7170-8AA7-4940-B043-35D614F3594B}.Debug|x86.Build.0 = Debug|Any CPU
		{72FA7170-8AA7-4940-B043-35D614F3594B}.Release|Any CPU.ActiveCfg = Release|Any CPU
		{72FA7170-8AA7-4940-B043-35D614F3594B}.Release|Any CPU.Build.0 = Release|Any CPU
		{72FA7170-8AA7-4940-B043-35D614F3594B}.Release|x64.ActiveCfg = Release|Any CPU
		{72FA7170-8AA7-4940-B043-35D614F3594B}.Release|x64.Build.0 = Release|Any CPU
		{72FA7170-8AA7-4940-B043-35D614F3594B}.Release|x86.ActiveCfg = Release|Any CPU
		{72FA7170-8AA7-4940-B043-35D614F3594B}.Release|x86.Build.0 = Release|Any CPU
		{600B18FA-C8DE-4977-B43B-22CC3B7BE782}.Debug|Any CPU.ActiveCfg = Debug|Any CPU
		{600B18FA-C8DE-4977-B43B-22CC3B7BE782}.Debug|Any CPU.Build.0 = Debug|Any CPU
		{600B18FA-C8DE-4977-B43B-22CC3B7BE782}.Debug|x64.ActiveCfg = Debug|Any CPU
		{600B18FA-C8DE-4977-B43B-22CC3B7BE782}.Debug|x64.Build.0 = Debug|Any CPU
		{600B18FA-C8DE-4977-B43B-22CC3B7BE782}.Debug|x86.ActiveCfg = Debug|Any CPU
		{600B18FA-C8DE-4977-B43B-22CC3B7BE782}.Debug|x86.Build.0 = Debug|Any CPU
		{600B18FA-C8DE-4977-B43B-22CC3B7BE782}.Release|Any CPU.ActiveCfg = Release|Any CPU
		{600B18FA-C8DE-4977-B43B-22CC3B7BE782}.Release|Any CPU.Build.0 = Release|Any CPU
		{600B18FA-C8DE-4977-B43B-22CC3B7BE782}.Release|x64.ActiveCfg = Release|Any CPU
		{600B18FA-C8DE-4977-B43B-22CC3B7BE782}.Release|x64.Build.0 = Release|Any CPU
		{600B18FA-C8DE-4977-B43B-22CC3B7BE782}.Release|x86.ActiveCfg = Release|Any CPU
		{600B18FA-C8DE-4977-B43B-22CC3B7BE782}.Release|x86.Build.0 = Release|Any CPU
		{1C44B41F-F343-471B-AE05-6A06D9A1C5FE}.Debug|Any CPU.ActiveCfg = Debug|Any CPU
		{1C44B41F-F343-471B-AE05-6A06D9A1C5FE}.Debug|Any CPU.Build.0 = Debug|Any CPU
		{1C44B41F-F343-471B-AE05-6A06D9A1C5FE}.Debug|x64.ActiveCfg = Debug|Any CPU
		{1C44B41F-F343-471B-AE05-6A06D9A1C5FE}.Debug|x64.Build.0 = Debug|Any CPU
		{1C44B41F-F343-471B-AE05-6A06D9A1C5FE}.Debug|x86.ActiveCfg = Debug|Any CPU
		{1C44B41F-F343-471B-AE05-6A06D9A1C5FE}.Debug|x86.Build.0 = Debug|Any CPU
		{1C44B41F-F343-471B-AE05-6A06D9A1C5FE}.Release|Any CPU.ActiveCfg = Release|Any CPU
		{1C44B41F-F343-471B-AE05-6A06D9A1C5FE}.Release|Any CPU.Build.0 = Release|Any CPU
		{1C44B41F-F343-471B-AE05-6A06D9A1C5FE}.Release|x64.ActiveCfg = Release|Any CPU
		{1C44B41F-F343-471B-AE05-6A06D9A1C5FE}.Release|x64.Build.0 = Release|Any CPU
		{1C44B41F-F343-471B-AE05-6A06D9A1C5FE}.Release|x86.ActiveCfg = Release|Any CPU
		{1C44B41F-F343-471B-AE05-6A06D9A1C5FE}.Release|x86.Build.0 = Release|Any CPU
		{D9E33CDB-5041-2FEF-4B58-8DD12A9700F5}.Debug|Any CPU.ActiveCfg = Debug|Any CPU
		{D9E33CDB-5041-2FEF-4B58-8DD12A9700F5}.Debug|Any CPU.Build.0 = Debug|Any CPU
		{D9E33CDB-5041-2FEF-4B58-8DD12A9700F5}.Debug|Any CPU.Deploy.0 = Debug|Any CPU
		{D9E33CDB-5041-2FEF-4B58-8DD12A9700F5}.Debug|x64.ActiveCfg = Debug|Any CPU
		{D9E33CDB-5041-2FEF-4B58-8DD12A9700F5}.Debug|x64.Build.0 = Debug|Any CPU
		{D9E33CDB-5041-2FEF-4B58-8DD12A9700F5}.Debug|x86.ActiveCfg = Debug|Any CPU
		{D9E33CDB-5041-2FEF-4B58-8DD12A9700F5}.Debug|x86.Build.0 = Debug|Any CPU
		{D9E33CDB-5041-2FEF-4B58-8DD12A9700F5}.Release|Any CPU.ActiveCfg = Release|Any CPU
		{D9E33CDB-5041-2FEF-4B58-8DD12A9700F5}.Release|Any CPU.Build.0 = Release|Any CPU
		{D9E33CDB-5041-2FEF-4B58-8DD12A9700F5}.Release|x64.ActiveCfg = Release|Any CPU
		{D9E33CDB-5041-2FEF-4B58-8DD12A9700F5}.Release|x64.Build.0 = Release|Any CPU
		{D9E33CDB-5041-2FEF-4B58-8DD12A9700F5}.Release|x86.ActiveCfg = Release|Any CPU
		{D9E33CDB-5041-2FEF-4B58-8DD12A9700F5}.Release|x86.Build.0 = Release|Any CPU
	EndGlobalSection
	GlobalSection(SolutionProperties) = preSolution
		HideSolutionNode = FALSE
	EndGlobalSection
	GlobalSection(NestedProjects) = preSolution
		{72FA7170-8AA7-4940-B043-35D614F3594B} = {827E0CD3-B72D-47B6-A68D-7590B98EB39B}
		{600B18FA-C8DE-4977-B43B-22CC3B7BE782} = {02EA681E-C7D8-13C7-8484-4AC65E1B71E8}
		{1C44B41F-F343-471B-AE05-6A06D9A1C5FE} = {02EA681E-C7D8-13C7-8484-4AC65E1B71E8}
		{D9E33CDB-5041-2FEF-4B58-8DD12A9700F5} = {02EA681E-C7D8-13C7-8484-4AC65E1B71E8}
		{02EA681E-C7D8-13C7-8484-4AC65E1B71E8} = {827E0CD3-B72D-47B6-A68D-7590B98EB39B}
	EndGlobalSection
	GlobalSection(ExtensibilityGlobals) = postSolution
		SolutionGuid = {079ABC60-9019-4D15-8CB5-7F553F499A9B}
	EndGlobalSection
EndGlobal
